
Microsoft Visual Studio Solution File, Format Version 12.00
# Visual Studio Version 17
VisualStudioVersion = 17.9.34607.119
MinimumVisualStudioVersion = 10.0.40219.1
Project("{9A19103F-16F7-4668-BE54-9A1E7A4F7556}") = "ManageStudent.Core", "ManageStudent.Core\ManageStudent.Core.csproj", "{0EEB86A5-8B49-4125-959A-3A2D8EFED3A3}"
EndProject
Project("{2150E333-8FDC-42A3-9474-1A3956D46DE8}") = "Src", "Src", "{43B065AA-0CE7-4FF2-B50A-482018F13836}"
EndProject
Project("{2150E333-8FDC-42A3-9474-1A3956D46DE8}") = "Web.API", "Web.API", "{8F1F3190-5885-4986-A6AA-F6788F6F3867}"
EndProject
Project("{2150E333-8FDC-42A3-9474-1A3956D46DE8}") = "Tests", "Tests", "{408EA868-E6EF-47AB-83EE-C0ECE0C71679}"
EndProject
Project("{2150E333-8FDC-42A3-9474-1A3956D46DE8}") = "Web.Client", "Web.Client", "{F7982C3A-E039-4331-8B94-784431E91D9B}"
EndProject
Project("{9A19103F-16F7-4668-BE54-9A1E7A4F7556}") = "ManageStudent.Services", "ManageStudent.Services\ManageStudent.Services.csproj", "{E90A2742-1D40-42C4-8F9D-5B7D1E3448FE}"
EndProject
Project("{9A19103F-16F7-4668-BE54-9A1E7A4F7556}") = "ManageStudent.Data", "ManageStudent.Data\ManageStudent.Data.csproj", "{096B8E24-91AB-487D-B22A-175174D207B6}"
EndProject
Project("{9A19103F-16F7-4668-BE54-9A1E7A4F7556}") = "ManageStudent.Data.MongoDB", "ManageStudent.Data.MongoDB\ManageStudent.Data.MongoDB.csproj", "{5A26C7C2-52E3-4EEE-BD02-574EC77CA001}"
EndProject
Project("{9A19103F-16F7-4668-BE54-9A1E7A4F7556}") = "ManageStudent.API", "ManageStudent.API\ManageStudent.API.csproj", "{CFD2E18E-4EB3-4B04-9E2E-366D10533EBC}"
EndProject
Global
	GlobalSection(SolutionConfigurationPlatforms) = preSolution
		Debug|Any CPU = Debug|Any CPU
		Release|Any CPU = Release|Any CPU
	EndGlobalSection
	GlobalSection(ProjectConfigurationPlatforms) = postSolution
		{0EEB86A5-8B49-4125-959A-3A2D8EFED3A3}.Debug|Any CPU.ActiveCfg = Debug|Any CPU
		{0EEB86A5-8B49-4125-959A-3A2D8EFED3A3}.Debug|Any CPU.Build.0 = Debug|Any CPU
		{0EEB86A5-8B49-4125-959A-3A2D8EFED3A3}.Release|Any CPU.ActiveCfg = Release|Any CPU
		{0EEB86A5-8B49-4125-959A-3A2D8EFED3A3}.Release|Any CPU.Build.0 = Release|Any CPU
		{E90A2742-1D40-42C4-8F9D-5B7D1E3448FE}.Debug|Any CPU.ActiveCfg = Debug|Any CPU
		{E90A2742-1D40-42C4-8F9D-5B7D1E3448FE}.Debug|Any CPU.Build.0 = Debug|Any CPU
		{E90A2742-1D40-42C4-8F9D-5B7D1E3448FE}.Release|Any CPU.ActiveCfg = Release|Any CPU
		{E90A2742-1D40-42C4-8F9D-5B7D1E3448FE}.Release|Any CPU.Build.0 = Release|Any CPU
		{096B8E24-91AB-487D-B22A-175174D207B6}.Debug|Any CPU.ActiveCfg = Debug|Any CPU
		{096B8E24-91AB-487D-B22A-175174D207B6}.Debug|Any CPU.Build.0 = Debug|Any CPU
		{096B8E24-91AB-487D-B22A-175174D207B6}.Release|Any CPU.ActiveCfg = Release|Any CPU
		{096B8E24-91AB-487D-B22A-175174D207B6}.Release|Any CPU.Build.0 = Release|Any CPU
		{5A26C7C2-52E3-4EEE-BD02-574EC77CA001}.Debug|Any CPU.ActiveCfg = Debug|Any CPU
		{5A26C7C2-52E3-4EEE-BD02-574EC77CA001}.Debug|Any CPU.Build.0 = Debug|Any CPU
		{5A26C7C2-52E3-4EEE-BD02-574EC77CA001}.Release|Any CPU.ActiveCfg = Release|Any CPU
		{5A26C7C2-52E3-4EEE-BD02-574EC77CA001}.Release|Any CPU.Build.0 = Release|Any CPU
		{CFD2E18E-4EB3-4B04-9E2E-366D10533EBC}.Debug|Any CPU.ActiveCfg = Debug|Any CPU
		{CFD2E18E-4EB3-4B04-9E2E-366D10533EBC}.Debug|Any CPU.Build.0 = Debug|Any CPU
		{CFD2E18E-4EB3-4B04-9E2E-366D10533EBC}.Release|Any CPU.ActiveCfg = Release|Any CPU
		{CFD2E18E-4EB3-4B04-9E2E-366D10533EBC}.Release|Any CPU.Build.0 = Release|Any CPU
	EndGlobalSection
	GlobalSection(SolutionProperties) = preSolution
		HideSolutionNode = FALSE
	EndGlobalSection
	GlobalSection(NestedProjects) = preSolution
		{0EEB86A5-8B49-4125-959A-3A2D8EFED3A3} = {8F1F3190-5885-4986-A6AA-F6788F6F3867}
		{8F1F3190-5885-4986-A6AA-F6788F6F3867} = {43B065AA-0CE7-4FF2-B50A-482018F13836}
		{408EA868-E6EF-47AB-83EE-C0ECE0C71679} = {43B065AA-0CE7-4FF2-B50A-482018F13836}
		{F7982C3A-E039-4331-8B94-784431E91D9B} = {43B065AA-0CE7-4FF2-B50A-482018F13836}
		{E90A2742-1D40-42C4-8F9D-5B7D1E3448FE} = {8F1F3190-5885-4986-A6AA-F6788F6F3867}
		{096B8E24-91AB-487D-B22A-175174D207B6} = {8F1F3190-5885-4986-A6AA-F6788F6F3867}
		{5A26C7C2-52E3-4EEE-BD02-574EC77CA001} = {8F1F3190-5885-4986-A6AA-F6788F6F3867}
		{CFD2E18E-4EB3-4B04-9E2E-366D10533EBC} = {8F1F3190-5885-4986-A6AA-F6788F6F3867}
	EndGlobalSection
	GlobalSection(ExtensibilityGlobals) = postSolution
		SolutionGuid = {E9ABA4C4-1AE4-42D8-943D-4F25297A39EE}
	EndGlobalSection
EndGlobal
